Microsoft Visual Studio Solution File, Format Version 12.00
# Visual Studio Version 16
VisualStudioVersion = 16.0.0.0
MinimumVisualStudioVersion = 16.0.0.0
Project("{9A19103F-16F7-4668-BE54-9A1E7A4F7556}") = "ceramics-portfolio.Server", "Server\ceramics-portfolio.Server.csproj", "{DC4F42A5-63F9-4662-9D13-E13215B344D7}"
EndProject
Project("{9A19103F-16F7-4668-BE54-9A1E7A4F7556}") = "ceramics-portfolio.Client", "Client\ceramics-portfolio.Client.csproj", "{1EE89AF3-F291-46EA-AC06-09E9C96DDFC6}"
EndProject
Project("{9A19103F-16F7-4668-BE54-9A1E7A4F7556}") = "ceramics-portfolio.Shared", "Shared\ceramics-portfolio.Shared.csproj", "{8ED4AD67-7356-4244-AD69-861A1D0C20E6}"
EndProject
Global
	GlobalSection(SolutionConfigurationPlatforms) = preSolution
		Debug|Any CPU = Debug|Any CPU
		Debug|x64 = Debug|x64
		Debug|x86 = Debug|x86
		Release|Any CPU = Release|Any CPU
		Release|x64 = Release|x64
		Release|x86 = Release|x86
	EndGlobalSection
	GlobalSection(ProjectConfigurationPlatforms) = postSolution
		{1EE89AF3-F291-46EA-AC06-09E9C96DDFC6}.Debug|Any CPU.ActiveCfg = Debug|Any CPU
		{1EE89AF3-F291-46EA-AC06-09E9C96DDFC6}.Debug|Any CPU.Build.0 = Debug|Any CPU
		{1EE89AF3-F291-46EA-AC06-09E9C96DDFC6}.Debug|x64.ActiveCfg = Debug|Any CPU
		{1EE89AF3-F291-46EA-AC06-09E9C96DDFC6}.Debug|x64.Build.0 = Debug|Any CPU
		{1EE89AF3-F291-46EA-AC06-09E9C96DDFC6}.Debug|x86.ActiveCfg = Debug|Any CPU
		{1EE89AF3-F291-46EA-AC06-09E9C96DDFC6}.Debug|x86.Build.0 = Debug|Any CPU
		{1EE89AF3-F291-46EA-AC06-09E9C96DDFC6}.Release|Any CPU.ActiveCfg = Release|Any CPU
		{1EE89AF3-F291-46EA-AC06-09E9C96DDFC6}.Release|Any CPU.Build.0 = Release|Any CPU
		{1EE89AF3-F291-46EA-AC06-09E9C96DDFC6}.Release|x64.ActiveCfg = Release|Any CPU
		{1EE89AF3-F291-46EA-AC06-09E9C96DDFC6}.Release|x64.Build.0 = Release|Any CPU
		{1EE89AF3-F291-46EA-AC06-09E9C96DDFC6}.Release|x86.ActiveCfg = Release|Any CPU
		{1EE89AF3-F291-46EA-AC06-09E9C96DDFC6}.Release|x86.Build.0 = Release|Any CPU
		{DC4F42A5-63F9-4662-9D13-E13215B344D7}.Debug|Any CPU.ActiveCfg = Debug|Any CPU
		{DC4F42A5-63F9-4662-9D13-E13215B344D7}.Debug|Any CPU.Build.0 = Debug|Any CPU
		{DC4F42A5-63F9-4662-9D13-E13215B344D7}.Debug|x64.ActiveCfg = Debug|Any CPU
		{DC4F42A5-63F9-4662-9D13-E13215B344D7}.Debug|x64.Build.0 = Debug|Any CPU
		{DC4F42A5-63F9-4662-9D13-E13215B344D7}.Debug|x86.ActiveCfg = Debug|Any CPU
		{DC4F42A5-63F9-4662-9D13-E13215B344D7}.Debug|x86.Build.0 = Debug|Any CPU
		{DC4F42A5-63F9-4662-9D13-E13215B344D7}.Release|Any CPU.ActiveCfg = Release|Any CPU
		{DC4F42A5-63F9-4662-9D13-E13215B344D7}.Release|Any CPU.Build.0 = Release|Any CPU
		{DC4F42A5-63F9-4662-9D13-E13215B344D7}.Release|x64.ActiveCfg = Release|Any CPU
		{DC4F42A5-63F9-4662-9D13-E13215B344D7}.Release|x64.Build.0 = Release|Any CPU
		{DC4F42A5-63F9-4662-9D13-E13215B344D7}.Release|x86.ActiveCfg = Release|Any CPU
		{DC4F42A5-63F9-4662-9D13-E13215B344D7}.Release|x86.Build.0 = Release|Any CPU
		{8ED4AD67-7356-4244-AD69-861A1D0C20E6}.Debug|Any CPU.ActiveCfg = Debug|Any CPU
		{8ED4AD67-7356-4244-AD69-861A1D0C20E6}.Debug|Any CPU.Build.0 = Debug|Any CPU
		{8ED4AD67-7356-4244-AD69-861A1D0C20E6}.Debug|x64.ActiveCfg = Debug|Any CPU
		{8ED4AD67-7356-4244-AD69-861A1D0C20E6}.Debug|x64.Build.0 = Debug|Any CPU
		{8ED4AD67-7356-4244-AD69-861A1D0C20E6}.Debug|x86.ActiveCfg = Debug|Any CPU
		{8ED4AD67-7356-4244-AD69-861A1D0C20E6}.Debug|x86.Build.0 = Debug|Any CPU
		{8ED4AD67-7356-4244-AD69-861A1D0C20E6}.Release|Any CPU.ActiveCfg = Release|Any CPU
		{8ED4AD67-7356-4244-AD69-861A1D0C20E6}.Release|Any CPU.Build.0 = Release|Any CPU
		{8ED4AD67-7356-4244-AD69-861A1D0C20E6}.Release|x64.ActiveCfg = Release|Any CPU
		{8ED4AD67-7356-4244-AD69-861A1D0C20E6}.Release|x64.Build.0 = Release|Any CPU
		{8ED4AD67-7356-4244-AD69-861A1D0C20E6}.Release|x86.ActiveCfg = Release|Any CPU
		{8ED4AD67-7356-4244-AD69-861A1D0C20E6}.Release|x86.Build.0 = Release|Any CPU
	EndGlobalSection
	GlobalSection(SolutionProperties) = preSolution
		HideSolutionNode = FALSE
	EndGlobalSection
	GlobalSection(ExtensibilityGlobals) = postSolution
		SolutionGuid = {FFBDD614-9AD6-47CE-AB64-C6A888FB9FCC}
	EndGlobalSection
EndGlobal